
Microsoft Visual Studio Solution File, Format Version 10.00
# Visual Studio 2008
Project("{8BC9CEB8-8B4A-11D0-8D11-00A0C91BC942}") = "7_1ZTest", "7_1ZTest\7_1ZTest.vcproj", "{0CB55850-D945-43A8-A7B0-571D7FE4071B}"
EndProject
Global
	GlobalSection(SolutionConfigurationPlatforms) = preSolution
		Debug|Win32 = Debug|Win32
		Release|Win32 = Release|Win32
	EndGlobalSection
	GlobalSection(ProjectConfigurationPlatforms) = postSolution
		{0CB55850-D945-43A8-A7B0-571D7FE4071B}.Debug|Win32.ActiveCfg = Debug|Win32
		{0CB55850-D945-43A8-A7B0-571D7FE4071B}.Debug|Win32.Build.0 = Debug|Win32
		{0CB55850-D945-43A8-A7B0-571D7FE4071B}.Release|Win32.ActiveCfg = Release|Win32
		{0CB55850-D945-43A8-A7B0-571D7FE4071B}.Release|Win32.Build.0 = Release|Win32
	EndGlobalSection
	GlobalSection(SolutionProperties) = preSolution
		HideSolutionNode = FALSE
	EndGlobalSection
EndGlobal
