
Microsoft Visual Studio Solution File, Format Version 10.00
# Visual Studio 2008
Project("{8BC9CEB8-8B4A-11D0-8D11-00A0C91BC942}") = "7_3VertexAlphaBlend", "7_3VertexAlphaBlend\7_3VertexAlphaBlend.vcproj", "{AEE36216-FD33-46FF-99B3-0437633F3F47}"
EndProject
Global
	GlobalSection(SolutionConfigurationPlatforms) = preSolution
		Debug|Win32 = Debug|Win32
		Release|Win32 = Release|Win32
	EndGlobalSection
	GlobalSection(ProjectConfigurationPlatforms) = postSolution
		{AEE36216-FD33-46FF-99B3-0437633F3F47}.Debug|Win32.ActiveCfg = Debug|Win32
		{AEE36216-FD33-46FF-99B3-0437633F3F47}.Debug|Win32.Build.0 = Debug|Win32
		{AEE36216-FD33-46FF-99B3-0437633F3F47}.Release|Win32.ActiveCfg = Release|Win32
		{AEE36216-FD33-46FF-99B3-0437633F3F47}.Release|Win32.Build.0 = Release|Win32
	EndGlobalSection
	GlobalSection(SolutionProperties) = preSolution
		HideSolutionNode = FALSE
	EndGlobalSection
EndGlobal
