
Microsoft Visual Studio Solution File, Format Version 10.00
# Visual Studio 2008
Project("{8BC9CEB8-8B4A-11D0-8D11-00A0C91BC942}") = "6_2StateControl", "6_2StateControl\6_2StateControl.vcproj", "{D75463FF-8BD9-427F-B563-ECAFFE941006}"
EndProject
Global
	GlobalSection(SolutionConfigurationPlatforms) = preSolution
		Debug|Win32 = Debug|Win32
		Release|Win32 = Release|Win32
	EndGlobalSection
	GlobalSection(ProjectConfigurationPlatforms) = postSolution
		{D75463FF-8BD9-427F-B563-ECAFFE941006}.Debug|Win32.ActiveCfg = Debug|Win32
		{D75463FF-8BD9-427F-B563-ECAFFE941006}.Debug|Win32.Build.0 = Debug|Win32
		{D75463FF-8BD9-427F-B563-ECAFFE941006}.Release|Win32.ActiveCfg = Release|Win32
		{D75463FF-8BD9-427F-B563-ECAFFE941006}.Release|Win32.Build.0 = Release|Win32
	EndGlobalSection
	GlobalSection(SolutionProperties) = preSolution
		HideSolutionNode = FALSE
	EndGlobalSection
EndGlobal
